
Microsoft Visual Studio Solution File, Format Version 12.00
# Visual Studio Version 17
VisualStudioVersion = 17.13.35913.81
MinimumVisualStudioVersion = 10.0.40219.1
Project("{FAE04EC0-301F-11D3-BF4B-00C04F79EFBC}") = "YamlDialogueLib.Tests", "SimpleYamlDialogue.Tests\YamlDialogueLib.Tests.csproj", "{4F402C8E-CC46-400C-80EC-FB7856001584}"
EndProject
Project("{FAE04EC0-301F-11D3-BF4B-00C04F79EFBC}") = "YAMLDialogueLib", "YAMLDialogueLib\YAMLDialogueLib.csproj", "{12295A17-3BFD-941F-F2EE-693AB7947286}"
EndProject
Global
	GlobalSection(SolutionConfigurationPlatforms) = preSolution
		Debug|Any CPU = Debug|Any CPU
		Release|Any CPU = Release|Any CPU
	EndGlobalSection
	GlobalSection(ProjectConfigurationPlatforms) = postSolution
		{4F402C8E-CC46-400C-80EC-FB7856001584}.Debug|Any CPU.ActiveCfg = Debug|Any CPU
		{4F402C8E-CC46-400C-80EC-FB7856001584}.Debug|Any CPU.Build.0 = Debug|Any CPU
		{4F402C8E-CC46-400C-80EC-FB7856001584}.Release|Any CPU.ActiveCfg = Release|Any CPU
		{4F402C8E-CC46-400C-80EC-FB7856001584}.Release|Any CPU.Build.0 = Release|Any CPU
		{12295A17-3BFD-941F-F2EE-693AB7947286}.Debug|Any CPU.ActiveCfg = Debug|Any CPU
		{12295A17-3BFD-941F-F2EE-693AB7947286}.Debug|Any CPU.Build.0 = Debug|Any CPU
		{12295A17-3BFD-941F-F2EE-693AB7947286}.Release|Any CPU.ActiveCfg = Release|Any CPU
		{12295A17-3BFD-941F-F2EE-693AB7947286}.Release|Any CPU.Build.0 = Release|Any CPU
	EndGlobalSection
	GlobalSection(SolutionProperties) = preSolution
		HideSolutionNode = FALSE
	EndGlobalSection
	GlobalSection(ExtensibilityGlobals) = postSolution
		SolutionGuid = {7A19A4D0-C31D-45DC-9EFA-1932EEA35C1B}
	EndGlobalSection
EndGlobal
